
Microsoft Visual Studio Solution File, Format Version 12.00
# Visual Studio Version 17
VisualStudioVersion = 17.7.34003.232
MinimumVisualStudioVersion = 10.0.40219.1
Project("{2150E333-8FDC-42A3-9474-1A3956D46DE8}") = "src", "src", "{3A299162-6A6D-479C-B865-E0BB3E69F1CE}"
EndProject
Project("{2150E333-8FDC-42A3-9474-1A3956D46DE8}") = "test", "test", "{2500DFFA-140F-47E2-808D-45C0960B2C4A}"
EndProject
Project("{2150E333-8FDC-42A3-9474-1A3956D46DE8}") = "API", "API", "{BE65A583-8C79-4EBA-9E76-194541A52475}"
EndProject
Project("{2150E333-8FDC-42A3-9474-1A3956D46DE8}") = "Core", "Core", "{9DA604BE-9F48-472B-9C77-3725F41B7112}"
EndProject
Project("{2150E333-8FDC-42A3-9474-1A3956D46DE8}") = "Infrastructure", "Infrastructure", "{5D4B4CB1-1A0D-4DF7-B932-BA3BBBCE6BD9}"
EndProject
Project("{2150E333-8FDC-42A3-9474-1A3956D46DE8}") = "UI", "UI", "{A67655F6-1372-4604-A0CB-93A1D72498F3}"
EndProject
Project("{9A19103F-16F7-4668-BE54-9A1E7A4F7556}") = "CleanArchitecture.Domain", "ClieaArchitecture.Domain\CleanArchitecture.Domain.csproj", "{177BF167-52CF-4D6A-B023-FB8E7183E80F}"
EndProject
Project("{9A19103F-16F7-4668-BE54-9A1E7A4F7556}") = "CleanArchitecture.Application", "CleanArchitecture.Application\CleanArchitecture.Application.csproj", "{B1447D77-162C-4AC6-8F75-A3ABF7353AB5}"
EndProject
Project("{FAE04EC0-301F-11D3-BF4B-00C04F79EFBC}") = "CleanArchitecture.Infrastructure", "CleanArchitecture.Infrastructure\CleanArchitecture.Infrastructure.csproj", "{E838315C-2E6C-402A-8AED-CACB049BFF4C}"
EndProject
Project("{FAE04EC0-301F-11D3-BF4B-00C04F79EFBC}") = "CleanArchitecture.Persistence", "CleanArchitecture.Persistence\CleanArchitecture.Persistence.csproj", "{0073F1C6-F79C-4D8A-9F2F-019CFD010074}"
EndProject
Project("{FAE04EC0-301F-11D3-BF4B-00C04F79EFBC}") = "CleanArchitecture.Identity", "CleanArchitecture.Identity\CleanArchitecture.Identity.csproj", "{80B4276B-B212-4D42-91EE-774FB1544C87}"
EndProject
Global
	GlobalSection(SolutionConfigurationPlatforms) = preSolution
		Debug|Any CPU = Debug|Any CPU
		Release|Any CPU = Release|Any CPU
	EndGlobalSection
	GlobalSection(ProjectConfigurationPlatforms) = postSolution
		{177BF167-52CF-4D6A-B023-FB8E7183E80F}.Debug|Any CPU.ActiveCfg = Debug|Any CPU
		{177BF167-52CF-4D6A-B023-FB8E7183E80F}.Debug|Any CPU.Build.0 = Debug|Any CPU
		{177BF167-52CF-4D6A-B023-FB8E7183E80F}.Release|Any CPU.ActiveCfg = Release|Any CPU
		{177BF167-52CF-4D6A-B023-FB8E7183E80F}.Release|Any CPU.Build.0 = Release|Any CPU
		{B1447D77-162C-4AC6-8F75-A3ABF7353AB5}.Debug|Any CPU.ActiveCfg = Debug|Any CPU
		{B1447D77-162C-4AC6-8F75-A3ABF7353AB5}.Debug|Any CPU.Build.0 = Debug|Any CPU
		{B1447D77-162C-4AC6-8F75-A3ABF7353AB5}.Release|Any CPU.ActiveCfg = Release|Any CPU
		{B1447D77-162C-4AC6-8F75-A3ABF7353AB5}.Release|Any CPU.Build.0 = Release|Any CPU
		{E838315C-2E6C-402A-8AED-CACB049BFF4C}.Debug|Any CPU.ActiveCfg = Debug|Any CPU
		{E838315C-2E6C-402A-8AED-CACB049BFF4C}.Debug|Any CPU.Build.0 = Debug|Any CPU
		{E838315C-2E6C-402A-8AED-CACB049BFF4C}.Release|Any CPU.ActiveCfg = Release|Any CPU
		{E838315C-2E6C-402A-8AED-CACB049BFF4C}.Release|Any CPU.Build.0 = Release|Any CPU
		{0073F1C6-F79C-4D8A-9F2F-019CFD010074}.Debug|Any CPU.ActiveCfg = Debug|Any CPU
		{0073F1C6-F79C-4D8A-9F2F-019CFD010074}.Debug|Any CPU.Build.0 = Debug|Any CPU
		{0073F1C6-F79C-4D8A-9F2F-019CFD010074}.Release|Any CPU.ActiveCfg = Release|Any CPU
		{0073F1C6-F79C-4D8A-9F2F-019CFD010074}.Release|Any CPU.Build.0 = Release|Any CPU
		{80B4276B-B212-4D42-91EE-774FB1544C87}.Debug|Any CPU.ActiveCfg = Debug|Any CPU
		{80B4276B-B212-4D42-91EE-774FB1544C87}.Debug|Any CPU.Build.0 = Debug|Any CPU
		{80B4276B-B212-4D42-91EE-774FB1544C87}.Release|Any CPU.ActiveCfg = Release|Any CPU
		{80B4276B-B212-4D42-91EE-774FB1544C87}.Release|Any CPU.Build.0 = Release|Any CPU
	EndGlobalSection
	GlobalSection(SolutionProperties) = preSolution
		HideSolutionNode = FALSE
	EndGlobalSection
	GlobalSection(NestedProjects) = preSolution
		{BE65A583-8C79-4EBA-9E76-194541A52475} = {3A299162-6A6D-479C-B865-E0BB3E69F1CE}
		{9DA604BE-9F48-472B-9C77-3725F41B7112} = {3A299162-6A6D-479C-B865-E0BB3E69F1CE}
		{5D4B4CB1-1A0D-4DF7-B932-BA3BBBCE6BD9} = {3A299162-6A6D-479C-B865-E0BB3E69F1CE}
		{A67655F6-1372-4604-A0CB-93A1D72498F3} = {3A299162-6A6D-479C-B865-E0BB3E69F1CE}
		{177BF167-52CF-4D6A-B023-FB8E7183E80F} = {9DA604BE-9F48-472B-9C77-3725F41B7112}
		{B1447D77-162C-4AC6-8F75-A3ABF7353AB5} = {9DA604BE-9F48-472B-9C77-3725F41B7112}
		{E838315C-2E6C-402A-8AED-CACB049BFF4C} = {5D4B4CB1-1A0D-4DF7-B932-BA3BBBCE6BD9}
		{0073F1C6-F79C-4D8A-9F2F-019CFD010074} = {5D4B4CB1-1A0D-4DF7-B932-BA3BBBCE6BD9}
		{80B4276B-B212-4D42-91EE-774FB1544C87} = {5D4B4CB1-1A0D-4DF7-B932-BA3BBBCE6BD9}
	EndGlobalSection
	GlobalSection(ExtensibilityGlobals) = postSolution
		SolutionGuid = {6F19A769-C274-4663-B12A-F2515EEA3BD8}
	EndGlobalSection
EndGlobal
